// !$*UTF8*$!
{
	archiveVersion = 1;
	classes = {
	};
	objectVersion = 50;
	objects = {

/* Begin PBXBuildFile section */
		A55D3AC1234317F90004D7EF /* DetailsItem.swift in Sources */ = {isa = PBXBuildFile; fileRef = A55D3AC0234317F90004D7EF /* DetailsItem.swift */; };
		A55D3AC323431B3C0004D7EF /* TagsItem.swift in Sources */ = {isa = PBXBuildFile; fileRef = A55D3AC223431B3C0004D7EF /* TagsItem.swift */; };
		A55D3AC623431B6D0004D7EF /* TagsTableViewCell.swift in Sources */ = {isa = PBXBuildFile; fileRef = A55D3AC523431B6D0004D7EF /* TagsTableViewCell.swift */; };
		A55E07FB23438E13006EC319 /* TagLabel.swift in Sources */ = {isa = PBXBuildFile; fileRef = A55E07FA23438E13006EC319 /* TagLabel.swift */; };
		A55E07FD23438E2D006EC319 /* TagCollectionViewCell.swift in Sources */ = {isa = PBXBuildFile; fileRef = A55E07FC23438E2D006EC319 /* TagCollectionViewCell.swift */; };
		A55E07FF23438E86006EC319 /* UICollectionView+Extension.swift in Sources */ = {isa = PBXBuildFile; fileRef = A55E07FE23438E86006EC319 /* UICollectionView+Extension.swift */; };
		A57911F62341F785008D6DC4 /* UITableView+Extension.swift in Sources */ = {isa = PBXBuildFile; fileRef = A57911F52341F785008D6DC4 /* UITableView+Extension.swift */; };
		B530D88C23334C7A00A1AA4F /* AppDelegate.swift in Sources */ = {isa = PBXBuildFile; fileRef = B530D88B23334C7A00A1AA4F /* AppDelegate.swift */; };
		B530D89323334C7B00A1AA4F /* Assets.xcassets in Resources */ = {isa = PBXBuildFile; fileRef = B530D89223334C7B00A1AA4F /* Assets.xcassets */; };
		B530D89623334C7B00A1AA4F /* LaunchScreen.storyboard in Resources */ = {isa = PBXBuildFile; fileRef = B530D89423334C7B00A1AA4F /* LaunchScreen.storyboard */; };
		B530D8A123334C7B00A1AA4F /* FriendsTests.swift in Sources */ = {isa = PBXBuildFile; fileRef = B530D8A023334C7B00A1AA4F /* FriendsTests.swift */; };
		B530D8AD23335D1E00A1AA4F /* Alamofire.framework in Frameworks */ = {isa = PBXBuildFile; fileRef = B530D8AC23335D1E00A1AA4F /* Alamofire.framework */; };
		B530D8B023337BAE00A1AA4F /* NetworkService.swift in Sources */ = {isa = PBXBuildFile; fileRef = B530D8AF23337BAE00A1AA4F /* NetworkService.swift */; };
		B530D8B223337E6100A1AA4F /* RealmUser.swift in Sources */ = {isa = PBXBuildFile; fileRef = B530D8B123337E6100A1AA4F /* RealmUser.swift */; };
		B530D8B423338D8400A1AA4F /* MainTableViewCell.swift in Sources */ = {isa = PBXBuildFile; fileRef = B530D8B323338D8400A1AA4F /* MainTableViewCell.swift */; };
		B530D8D92334BAC800A1AA4F /* MainAssembly.swift in Sources */ = {isa = PBXBuildFile; fileRef = B530D8D82334BAC800A1AA4F /* MainAssembly.swift */; };
		B530D8DB23354F1900A1AA4F /* MainInteractor.swift in Sources */ = {isa = PBXBuildFile; fileRef = B530D8DA23354F1900A1AA4F /* MainInteractor.swift */; };
		B530D8DD2335506200A1AA4F /* MainPresenter.swift in Sources */ = {isa = PBXBuildFile; fileRef = B530D8DC2335506200A1AA4F /* MainPresenter.swift */; };
		B53BB32B2344784600E0D20E /* String+Extension.swift in Sources */ = {isa = PBXBuildFile; fileRef = B53BB32A2344784600E0D20E /* String+Extension.swift */; };
		B5A08B65233889C900832832 /* UserItem.swift in Sources */ = {isa = PBXBuildFile; fileRef = B5A08B64233889C900832832 /* UserItem.swift */; };
		B5A08B672338C39F00832832 /* SnapKit.framework in Frameworks */ = {isa = PBXBuildFile; fileRef = B5A08B662338C39F00832832 /* SnapKit.framework */; };
		B5A08B8D233B889D00832832 /* StorageService.swift in Sources */ = {isa = PBXBuildFile; fileRef = B5A08B8C233B889D00832832 /* StorageService.swift */; };
		B5A08BAE233B8DEE00832832 /* Realm.framework in Frameworks */ = {isa = PBXBuildFile; fileRef = B5A08BAC233B8DEE00832832 /* Realm.framework */; };
		B5A08BAF233B8DEE00832832 /* RealmSwift.framework in Frameworks */ = {isa = PBXBuildFile; fileRef = B5A08BAD233B8DEE00832832 /* RealmSwift.framework */; };
		B5A08C02233CE78300832832 /* User.swift in Sources */ = {isa = PBXBuildFile; fileRef = B5A08C01233CE78300832832 /* User.swift */; };
		B5B3C77E2340BCAB00D7080F /* DetailsPresenter.swift in Sources */ = {isa = PBXBuildFile; fileRef = B5B3C7752340BCAB00D7080F /* DetailsPresenter.swift */; };
		B5B3C77F2340BCAB00D7080F /* DetailsRouter.swift in Sources */ = {isa = PBXBuildFile; fileRef = B5B3C7762340BCAB00D7080F /* DetailsRouter.swift */; };
		B5B3C7802340BCAB00D7080F /* DetailsViewController.swift in Sources */ = {isa = PBXBuildFile; fileRef = B5B3C7772340BCAB00D7080F /* DetailsViewController.swift */; };
		B5B3C7812340BCAB00D7080F /* DetailsAssembly.swift in Sources */ = {isa = PBXBuildFile; fileRef = B5B3C7782340BCAB00D7080F /* DetailsAssembly.swift */; };
		B5B3C7822340BCAB00D7080F /* DetailsInteractor.swift in Sources */ = {isa = PBXBuildFile; fileRef = B5B3C7792340BCAB00D7080F /* DetailsInteractor.swift */; };
		B5B3C78C2340C84100D7080F /* DetailTableViewCell.swift in Sources */ = {isa = PBXBuildFile; fileRef = B5B3C78B2340C84100D7080F /* DetailTableViewCell.swift */; };
		B5E774202338804400CB7DA2 /* MainRouter.swift in Sources */ = {isa = PBXBuildFile; fileRef = B5E7741F2338804400CB7DA2 /* MainRouter.swift */; };
		B5E774272338868500CB7DA2 /* MainViewController.swift in Sources */ = {isa = PBXBuildFile; fileRef = B5E774262338868500CB7DA2 /* MainViewController.swift */; };
/* End PBXBuildFile section */

/* Begin PBXContainerItemProxy section */
		B530D89D23334C7B00A1AA4F /* PBXContainerItemProxy */ = {
			isa = PBXContainerItemProxy;
			containerPortal = B530D88023334C7A00A1AA4F /* Project object */;
			proxyType = 1;
			remoteGlobalIDString = B530D88723334C7A00A1AA4F;
			remoteInfo = Friends;
		};
/* End PBXContainerItemProxy section */

/* Begin PBXFileReference section */
		A55D3AC0234317F90004D7EF /* DetailsItem.swift */ = {isa = PBXFileReference; lastKnownFileType = sourcecode.swift; path = DetailsItem.swift; sourceTree = "<group>"; };
		A55D3AC223431B3C0004D7EF /* TagsItem.swift */ = {isa = PBXFileReference; lastKnownFileType = sourcecode.swift; path = TagsItem.swift; sourceTree = "<group>"; };
		A55D3AC523431B6D0004D7EF /* TagsTableViewCell.swift */ = {isa = PBXFileReference; lastKnownFileType = sourcecode.swift; path = TagsTableViewCell.swift; sourceTree = "<group>"; };
		A55E07FA23438E13006EC319 /* TagLabel.swift */ = {isa = PBXFileReference; lastKnownFileType = sourcecode.swift; path = TagLabel.swift; sourceTree = "<group>"; };
		A55E07FC23438E2D006EC319 /* TagCollectionViewCell.swift */ = {isa = PBXFileReference; lastKnownFileType = sourcecode.swift; path = TagCollectionViewCell.swift; sourceTree = "<group>"; };
		A55E07FE23438E86006EC319 /* UICollectionView+Extension.swift */ = {isa = PBXFileReference; lastKnownFileType = sourcecode.swift; path = "UICollectionView+Extension.swift"; sourceTree = "<group>"; };
		A57911F52341F785008D6DC4 /* UITableView+Extension.swift */ = {isa = PBXFileReference; fileEncoding = 4; lastKnownFileType = sourcecode.swift; path = "UITableView+Extension.swift"; sourceTree = "<group>"; };
		B530D88823334C7A00A1AA4F /* Friends.app */ = {isa = PBXFileReference; explicitFileType = wrapper.application; includeInIndex = 0; path = Friends.app; sourceTree = BUILT_PRODUCTS_DIR; };
		B530D88B23334C7A00A1AA4F /* AppDelegate.swift */ = {isa = PBXFileReference; lastKnownFileType = sourcecode.swift; path = AppDelegate.swift; sourceTree = "<group>"; };
		B530D89223334C7B00A1AA4F /* Assets.xcassets */ = {isa = PBXFileReference; lastKnownFileType = folder.assetcatalog; path = Assets.xcassets; sourceTree = "<group>"; };
		B530D89523334C7B00A1AA4F /* Base */ = {isa = PBXFileReference; lastKnownFileType = file.storyboard; name = Base; path = Base.lproj/LaunchScreen.storyboard; sourceTree = "<group>"; };
		B530D89723334C7B00A1AA4F /* Info.plist */ = {isa = PBXFileReference; lastKnownFileType = text.plist.xml; path = Info.plist; sourceTree = "<group>"; };
		B530D89C23334C7B00A1AA4F /* FriendsTests.xctest */ = {isa = PBXFileReference; explicitFileType = wrapper.cfbundle; includeInIndex = 0; path = FriendsTests.xctest; sourceTree = BUILT_PRODUCTS_DIR; };
		B530D8A023334C7B00A1AA4F /* FriendsTests.swift */ = {isa = PBXFileReference; lastKnownFileType = sourcecode.swift; path = FriendsTests.swift; sourceTree = "<group>"; };
		B530D8AC23335D1E00A1AA4F /* Alamofire.framework */ = {isa = PBXFileReference; lastKnownFileType = wrapper.framework; name = Alamofire.framework; path = Carthage/Build/iOS/Alamofire.framework; sourceTree = "<group>"; };
		B530D8AF23337BAE00A1AA4F /* NetworkService.swift */ = {isa = PBXFileReference; lastKnownFileType = sourcecode.swift; path = NetworkService.swift; sourceTree = "<group>"; };
		B530D8B123337E6100A1AA4F /* RealmUser.swift */ = {isa = PBXFileReference; lastKnownFileType = sourcecode.swift; path = RealmUser.swift; sourceTree = "<group>"; };
		B530D8B323338D8400A1AA4F /* MainTableViewCell.swift */ = {isa = PBXFileReference; lastKnownFileType = sourcecode.swift; path = MainTableViewCell.swift; sourceTree = "<group>"; };
		B530D8D82334BAC800A1AA4F /* MainAssembly.swift */ = {isa = PBXFileReference; lastKnownFileType = sourcecode.swift; path = MainAssembly.swift; sourceTree = "<group>"; };
		B530D8DA23354F1900A1AA4F /* MainInteractor.swift */ = {isa = PBXFileReference; lastKnownFileType = sourcecode.swift; path = MainInteractor.swift; sourceTree = "<group>"; };
		B530D8DC2335506200A1AA4F /* MainPresenter.swift */ = {isa = PBXFileReference; lastKnownFileType = sourcecode.swift; path = MainPresenter.swift; sourceTree = "<group>"; };
		B53BB32A2344784600E0D20E /* String+Extension.swift */ = {isa = PBXFileReference; lastKnownFileType = sourcecode.swift; path = "String+Extension.swift"; sourceTree = "<group>"; };
		B5A08B64233889C900832832 /* UserItem.swift */ = {isa = PBXFileReference; lastKnownFileType = sourcecode.swift; path = UserItem.swift; sourceTree = "<group>"; };
		B5A08B662338C39F00832832 /* SnapKit.framework */ = {isa = PBXFileReference; lastKnownFileType = wrapper.framework; name = SnapKit.framework; path = Carthage/Build/iOS/SnapKit.framework; sourceTree = "<group>"; };
		B5A08B8C233B889D00832832 /* StorageService.swift */ = {isa = PBXFileReference; lastKnownFileType = sourcecode.swift; path = StorageService.swift; sourceTree = "<group>"; };
		B5A08BAC233B8DEE00832832 /* Realm.framework */ = {isa = PBXFileReference; lastKnownFileType = wrapper.framework; name = Realm.framework; path = Carthage/Build/iOS/Realm.framework; sourceTree = "<group>"; };
		B5A08BAD233B8DEE00832832 /* RealmSwift.framework */ = {isa = PBXFileReference; lastKnownFileType = wrapper.framework; name = RealmSwift.framework; path = Carthage/Build/iOS/RealmSwift.framework; sourceTree = "<group>"; };
		B5A08C01233CE78300832832 /* User.swift */ = {isa = PBXFileReference; lastKnownFileType = sourcecode.swift; path = User.swift; sourceTree = "<group>"; };
		B5B3C7752340BCAB00D7080F /* DetailsPresenter.swift */ = {isa = PBXFileReference; lastKnownFileType = sourcecode.swift; path = DetailsPresenter.swift; sourceTree = "<group>"; };
		B5B3C7762340BCAB00D7080F /* DetailsRouter.swift */ = {isa = PBXFileReference; lastKnownFileType = sourcecode.swift; path = DetailsRouter.swift; sourceTree = "<group>"; };
		B5B3C7772340BCAB00D7080F /* DetailsViewController.swift */ = {isa = PBXFileReference; lastKnownFileType = sourcecode.swift; path = DetailsViewController.swift; sourceTree = "<group>"; };
		B5B3C7782340BCAB00D7080F /* DetailsAssembly.swift */ = {isa = PBXFileReference; lastKnownFileType = sourcecode.swift; path = DetailsAssembly.swift; sourceTree = "<group>"; };
		B5B3C7792340BCAB00D7080F /* DetailsInteractor.swift */ = {isa = PBXFileReference; lastKnownFileType = sourcecode.swift; path = DetailsInteractor.swift; sourceTree = "<group>"; };
		B5B3C78B2340C84100D7080F /* DetailTableViewCell.swift */ = {isa = PBXFileReference; lastKnownFileType = sourcecode.swift; path = DetailTableViewCell.swift; sourceTree = "<group>"; };
		B5E7741F2338804400CB7DA2 /* MainRouter.swift */ = {isa = PBXFileReference; lastKnownFileType = sourcecode.swift; path = MainRouter.swift; sourceTree = "<group>"; };
		B5E774262338868500CB7DA2 /* MainViewController.swift */ = {isa = PBXFileReference; fileEncoding = 4; lastKnownFileType = sourcecode.swift; path = MainViewController.swift; sourceTree = "<group>"; };
/* End PBXFileReference section */

/* Begin PBXFrameworksBuildPhase section */
		B530D88523334C7A00A1AA4F /* Frameworks */ = {
			isa = PBXFrameworksBuildPhase;
			buildActionMask = 2147483647;
			files = (
				B5A08BAE233B8DEE00832832 /* Realm.framework in Frameworks */,
				B5A08BAF233B8DEE00832832 /* RealmSwift.framework in Frameworks */,
				B530D8AD23335D1E00A1AA4F /* Alamofire.framework in Frameworks */,
				B5A08B672338C39F00832832 /* SnapKit.framework in Frameworks */,
			);
			runOnlyForDeploymentPostprocessing = 0;
		};
		B530D89923334C7B00A1AA4F /* Frameworks */ = {
			isa = PBXFrameworksBuildPhase;
			buildActionMask = 2147483647;
			files = (
			);
			runOnlyForDeploymentPostprocessing = 0;
		};
/* End PBXFrameworksBuildPhase section */

/* Begin PBXGroup section */
		A55D3ABF234317F00004D7EF /* ViewModels */ = {
			isa = PBXGroup;
			children = (
				A55D3AC0234317F90004D7EF /* DetailsItem.swift */,
				A55D3AC223431B3C0004D7EF /* TagsItem.swift */,
			);
			path = ViewModels;
			sourceTree = "<group>";
		};
		A55D3AC423431B580004D7EF /* Views */ = {
			isa = PBXGroup;
			children = (
				B5B3C78B2340C84100D7080F /* DetailTableViewCell.swift */,
				A55E080023438EAE006EC319 /* Tags */,
			);
			path = Views;
			sourceTree = "<group>";
		};
		A55E080023438EAE006EC319 /* Tags */ = {
			isa = PBXGroup;
			children = (
				A55D3AC523431B6D0004D7EF /* TagsTableViewCell.swift */,
				A55E07FA23438E13006EC319 /* TagLabel.swift */,
				A55E07FC23438E2D006EC319 /* TagCollectionViewCell.swift */,
			);
			path = Tags;
			sourceTree = "<group>";
		};
		B530D87F23334C7A00A1AA4F = {
			isa = PBXGroup;
			children = (
				B530D88A23334C7A00A1AA4F /* Friends */,
				B530D89F23334C7B00A1AA4F /* FriendsTests */,
				B530D88923334C7A00A1AA4F /* Products */,
				B530D8AB23335D1E00A1AA4F /* Frameworks */,
			);
			sourceTree = "<group>";
		};
		B530D88923334C7A00A1AA4F /* Products */ = {
			isa = PBXGroup;
			children = (
				B530D88823334C7A00A1AA4F /* Friends.app */,
				B530D89C23334C7B00A1AA4F /* FriendsTests.xctest */,
			);
			name = Products;
			sourceTree = "<group>";
		};
		B530D88A23334C7A00A1AA4F /* Friends */ = {
			isa = PBXGroup;
			children = (
				B5E774252338833700CB7DA2 /* ApplicationLayer */,
				B5A08B62233886FE00832832 /* BusinessLogicLayer */,
				B5E774212338829400CB7DA2 /* PresentationLayer */,
			);
			path = Friends;
			sourceTree = "<group>";
		};
		B530D89F23334C7B00A1AA4F /* FriendsTests */ = {
			isa = PBXGroup;
			children = (
				B530D8A023334C7B00A1AA4F /* FriendsTests.swift */,
			);
			path = FriendsTests;
			sourceTree = "<group>";
		};
		B530D8AB23335D1E00A1AA4F /* Frameworks */ = {
			isa = PBXGroup;
			children = (
				B5A08BAC233B8DEE00832832 /* Realm.framework */,
				B5A08BAD233B8DEE00832832 /* RealmSwift.framework */,
				B5A08B662338C39F00832832 /* SnapKit.framework */,
				B530D8AC23335D1E00A1AA4F /* Alamofire.framework */,
			);
			name = Frameworks;
			sourceTree = "<group>";
		};
		B530D8D72334BAAB00A1AA4F /* Main */ = {
			isa = PBXGroup;
			children = (
				B530D8D82334BAC800A1AA4F /* MainAssembly.swift */,
				B530D8DA23354F1900A1AA4F /* MainInteractor.swift */,
				B530D8DC2335506200A1AA4F /* MainPresenter.swift */,
				B5E7741F2338804400CB7DA2 /* MainRouter.swift */,
				B5E774262338868500CB7DA2 /* MainViewController.swift */,
			);
			path = Main;
			sourceTree = "<group>";
		};
		B5A08B62233886FE00832832 /* BusinessLogicLayer */ = {
			isa = PBXGroup;
			children = (
				B5A08B632338871600832832 /* Models */,
				B530D8AF23337BAE00A1AA4F /* NetworkService.swift */,
				B5A08B8C233B889D00832832 /* StorageService.swift */,
			);
			path = BusinessLogicLayer;
			sourceTree = "<group>";
		};
		B5A08B632338871600832832 /* Models */ = {
			isa = PBXGroup;
			children = (
				B530D8B123337E6100A1AA4F /* RealmUser.swift */,
				B5A08C01233CE78300832832 /* User.swift */,
			);
			path = Models;
			sourceTree = "<group>";
		};
		B5B3C7742340BAFE00D7080F /* Details */ = {
			isa = PBXGroup;
			children = (
				A55D3AC423431B580004D7EF /* Views */,
				A55D3ABF234317F00004D7EF /* ViewModels */,
				B5B3C7782340BCAB00D7080F /* DetailsAssembly.swift */,
				B5B3C7792340BCAB00D7080F /* DetailsInteractor.swift */,
				B5B3C7752340BCAB00D7080F /* DetailsPresenter.swift */,
				B5B3C7762340BCAB00D7080F /* DetailsRouter.swift */,
				B5B3C7772340BCAB00D7080F /* DetailsViewController.swift */,
			);
			path = Details;
			sourceTree = "<group>";
		};
		B5E774212338829400CB7DA2 /* PresentationLayer */ = {
			isa = PBXGroup;
			children = (
				B5E77422233882CD00CB7DA2 /* Common */,
				B530D8D72334BAAB00A1AA4F /* Main */,
				B5B3C7742340BAFE00D7080F /* Details */,
			);
			path = PresentationLayer;
			sourceTree = "<group>";
		};
		B5E77422233882CD00CB7DA2 /* Common */ = {
			isa = PBXGroup;
			children = (
				A57911F52341F785008D6DC4 /* UITableView+Extension.swift */,
				A55E07FE23438E86006EC319 /* UICollectionView+Extension.swift */,
				B5E77423233882E000CB7DA2 /* ViewModels */,
				B5E774242338831200CB7DA2 /* Views */,
				B53BB32A2344784600E0D20E /* String+Extension.swift */,
			);
			path = Common;
			sourceTree = "<group>";
		};
		B5E77423233882E000CB7DA2 /* ViewModels */ = {
			isa = PBXGroup;
			children = (
				B5A08B64233889C900832832 /* UserItem.swift */,
			);
			path = ViewModels;
			sourceTree = "<group>";
		};
		B5E774242338831200CB7DA2 /* Views */ = {
			isa = PBXGroup;
			children = (
				B530D8B323338D8400A1AA4F /* MainTableViewCell.swift */,
			);
			path = Views;
			sourceTree = "<group>";
		};
		B5E774252338833700CB7DA2 /* ApplicationLayer */ = {
			isa = PBXGroup;
			children = (
				B530D88B23334C7A00A1AA4F /* AppDelegate.swift */,
				B530D89223334C7B00A1AA4F /* Assets.xcassets */,
				B530D89423334C7B00A1AA4F /* LaunchScreen.storyboard */,
				B530D89723334C7B00A1AA4F /* Info.plist */,
			);
			path = ApplicationLayer;
			sourceTree = "<group>";
		};
/* End PBXGroup section */

/* Begin PBXNativeTarget section */
		B530D88723334C7A00A1AA4F /* Friends */ = {
			isa = PBXNativeTarget;
			buildConfigurationList = B530D8A523334C7B00A1AA4F /* Build configuration list for PBXNativeTarget "Friends" */;
			buildPhases = (
				B530D88423334C7A00A1AA4F /* Sources */,
				B530D88523334C7A00A1AA4F /* Frameworks */,
				B530D88623334C7A00A1AA4F /* Resources */,
				B530D8AE23335D4D00A1AA4F /* ShellScript */,
			);
			buildRules = (
			);
			dependencies = (
			);
			name = Friends;
			productName = Friends;
			productReference = B530D88823334C7A00A1AA4F /* Friends.app */;
			productType = "com.apple.product-type.application";
		};
		B530D89B23334C7B00A1AA4F /* FriendsTests */ = {
			isa = PBXNativeTarget;
			buildConfigurationList = B530D8A823334C7B00A1AA4F /* Build configuration list for PBXNativeTarget "FriendsTests" */;
			buildPhases = (
				B530D89823334C7B00A1AA4F /* Sources */,
				B530D89923334C7B00A1AA4F /* Frameworks */,
				B530D89A23334C7B00A1AA4F /* Resources */,
			);
			buildRules = (
			);
			dependencies = (
				B530D89E23334C7B00A1AA4F /* PBXTargetDependency */,
			);
			name = FriendsTests;
			productName = FriendsTests;
			productReference = B530D89C23334C7B00A1AA4F /* FriendsTests.xctest */;
			productType = "com.apple.product-type.bundle.unit-test";
		};
/* End PBXNativeTarget section */

/* Begin PBXProject section */
		B530D88023334C7A00A1AA4F /* Project object */ = {
			isa = PBXProject;
			attributes = {
				LastSwiftUpdateCheck = 1030;
				LastUpgradeCheck = 1030;
				ORGANIZATIONNAME = "Maksim Grebenozhko";
				TargetAttributes = {
					B530D88723334C7A00A1AA4F = {
						CreatedOnToolsVersion = 10.3;
					};
					B530D89B23334C7B00A1AA4F = {
						CreatedOnToolsVersion = 10.3;
						TestTargetID = B530D88723334C7A00A1AA4F;
					};
				};
			};
			buildConfigurationList = B530D88323334C7A00A1AA4F /* Build configuration list for PBXProject "Friends" */;
			compatibilityVersion = "Xcode 9.3";
			developmentRegion = en;
			hasScannedForEncodings = 0;
			knownRegions = (
				en,
				Base,
			);
			mainGroup = B530D87F23334C7A00A1AA4F;
			productRefGroup = B530D88923334C7A00A1AA4F /* Products */;
			projectDirPath = "";
			projectRoot = "";
			targets = (
				B530D88723334C7A00A1AA4F /* Friends */,
				B530D89B23334C7B00A1AA4F /* FriendsTests */,
			);
		};
/* End PBXProject section */

/* Begin PBXResourcesBuildPhase section */
		B530D88623334C7A00A1AA4F /* Resources */ = {
			isa = PBXResourcesBuildPhase;
			buildActionMask = 2147483647;
			files = (
				B530D89623334C7B00A1AA4F /* LaunchScreen.storyboard in Resources */,
				B530D89323334C7B00A1AA4F /* Assets.xcassets in Resources */,
			);
			runOnlyForDeploymentPostprocessing = 0;
		};
		B530D89A23334C7B00A1AA4F /* Resources */ = {
			isa = PBXResourcesBuildPhase;
			buildActionMask = 2147483647;
			files = (
			);
			runOnlyForDeploymentPostprocessing = 0;
		};
/* End PBXResourcesBuildPhase section */

/* Begin PBXShellScriptBuildPhase section */
		B530D8AE23335D4D00A1AA4F /* ShellScript */ = {
			isa = PBXShellScriptBuildPhase;
			buildActionMask = 2147483647;
			files = (
			);
			inputFileListPaths = (
			);
			inputPaths = (
				"$(SRCROOT)/Carthage/Build/iOS/Alamofire.framework",
				"$(SRCROOT)/Carthage/Build/iOS/SnapKit.framework",
				"$(SRCROOT)/Carthage/Build/iOS/Realm.framework",
				"$(SRCROOT)/Carthage/Build/iOS/RealmSwift.framework",
			);
			outputFileListPaths = (
			);
			outputPaths = (
			);
			runOnlyForDeploymentPostprocessing = 0;
			shellPath = /bin/sh;
			shellScript = "/usr/local/bin/carthage copy-frameworks\n";
		};
/* End PBXShellScriptBuildPhase section */

/* Begin PBXSourcesBuildPhase section */
		B530D88423334C7A00A1AA4F /* Sources */ = {
			isa = PBXSourcesBuildPhase;
			buildActionMask = 2147483647;
			files = (
				A55D3AC323431B3C0004D7EF /* TagsItem.swift in Sources */,
				B5B3C78C2340C84100D7080F /* DetailTableViewCell.swift in Sources */,
				A55D3AC623431B6D0004D7EF /* TagsTableViewCell.swift in Sources */,
				B530D8B423338D8400A1AA4F /* MainTableViewCell.swift in Sources */,
				A57911F62341F785008D6DC4 /* UITableView+Extension.swift in Sources */,
				B5A08B8D233B889D00832832 /* StorageService.swift in Sources */,
				B53BB32B2344784600E0D20E /* String+Extension.swift in Sources */,
				B530D8D92334BAC800A1AA4F /* MainAssembly.swift in Sources */,
				B530D8B223337E6100A1AA4F /* RealmUser.swift in Sources */,
				B5B3C7822340BCAB00D7080F /* DetailsInteractor.swift in Sources */,
				A55E07FD23438E2D006EC319 /* TagCollectionViewCell.swift in Sources */,
				B530D8DD2335506200A1AA4F /* MainPresenter.swift in Sources */,
				B5E774202338804400CB7DA2 /* MainRouter.swift in Sources */,
				B5B3C7812340BCAB00D7080F /* DetailsAssembly.swift in Sources */,
				A55D3AC1234317F90004D7EF /* DetailsItem.swift in Sources */,
				B530D8B023337BAE00A1AA4F /* NetworkService.swift in Sources */,
				B5A08B65233889C900832832 /* UserItem.swift in Sources */,
				A55E07FF23438E86006EC319 /* UICollectionView+Extension.swift in Sources */,
				B530D88C23334C7A00A1AA4F /* AppDelegate.swift in Sources */,
				B5B3C77E2340BCAB00D7080F /* DetailsPresenter.swift in Sources */,
				B5A08C02233CE78300832832 /* User.swift in Sources */,
				B530D8DB23354F1900A1AA4F /* MainInteractor.swift in Sources */,
				A55E07FB23438E13006EC319 /* TagLabel.swift in Sources */,
				B5E774272338868500CB7DA2 /* MainViewController.swift in Sources */,
				B5B3C77F2340BCAB00D7080F /* DetailsRouter.swift in Sources */,
				B5B3C7802340BCAB00D7080F /* DetailsViewController.swift in Sources */,
			);
			runOnlyForDeploymentPostprocessing = 0;
		};
		B530D89823334C7B00A1AA4F /* Sources */ = {
			isa = PBXSourcesBuildPhase;
			buildActionMask = 2147483647;
			files = (
				B530D8A123334C7B00A1AA4F /* FriendsTests.swift in Sources */,
			);
			runOnlyForDeploymentPostprocessing = 0;
		};
/* End PBXSourcesBuildPhase section */

/* Begin PBXTargetDependency section */
		B530D89E23334C7B00A1AA4F /* PBXTargetDependency */ = {
			isa = PBXTargetDependency;
			target = B530D88723334C7A00A1AA4F /* Friends */;
			targetProxy = B530D89D23334C7B00A1AA4F /* PBXContainerItemProxy */;
		};
/* End PBXTargetDependency section */

/* Begin PBXVariantGroup section */
		B530D89423334C7B00A1AA4F /* LaunchScreen.storyboard */ = {
			isa = PBXVariantGroup;
			children = (
				B530D89523334C7B00A1AA4F /* Base */,
			);
			name = LaunchScreen.storyboard;
			sourceTree = "<group>";
		};
/* End PBXVariantGroup section */

/* Begin XCBuildConfiguration section */
		B530D8A323334C7B00A1AA4F /* Debug */ = {
			isa = XCBuildConfiguration;
			buildSettings = {
				ALWAYS_SEARCH_USER_PATHS = NO;
				CLANG_ANALYZER_NONNULL = YES;
				CLANG_ANALYZER_NUMBER_OBJECT_CONVERSION = YES_AGGRESSIVE;
				CLANG_CXX_LANGUAGE_STANDARD = "gnu++14";
				CLANG_CXX_LIBRARY = "libc++";
				CLANG_ENABLE_MODULES = YES;
				CLANG_ENABLE_OBJC_ARC = YES;
				CLANG_ENABLE_OBJC_WEAK = YES;
				CLANG_WARN_BLOCK_CAPTURE_AUTORELEASING = YES;
				CLANG_WARN_BOOL_CONVERSION = YES;
				CLANG_WARN_COMMA = YES;
				CLANG_WARN_CONSTANT_CONVERSION = YES;
				CLANG_WARN_DEPRECATED_OBJC_IMPLEMENTATIONS = YES;
				CLANG_WARN_DIRECT_OBJC_ISA_USAGE = YES_ERROR;
				CLANG_WARN_DOCUMENTATION_COMMENTS = YES;
				CLANG_WARN_EMPTY_BODY = YES;
				CLANG_WARN_ENUM_CONVERSION = YES;
				CLANG_WARN_INFINITE_RECURSION = YES;
				CLANG_WARN_INT_CONVERSION = YES;
				CLANG_WARN_NON_LITERAL_NULL_CONVERSION = YES;
				CLANG_WARN_OBJC_IMPLICIT_RETAIN_SELF = YES;
				CLANG_WARN_OBJC_LITERAL_CONVERSION = YES;
				CLANG_WARN_OBJC_ROOT_CLASS = YES_ERROR;
				CLANG_WARN_RANGE_LOOP_ANALYSIS = YES;
				CLANG_WARN_STRICT_PROTOTYPES = YES;
				CLANG_WARN_SUSPICIOUS_MOVE = YES;
				CLANG_WARN_UNGUARDED_AVAILABILITY = YES_AGGRESSIVE;
				CLANG_WARN_UNREACHABLE_CODE = YES;
				CLANG_WARN__DUPLICATE_METHOD_MATCH = YES;
				CODE_SIGN_IDENTITY = "iPhone Developer";
				COPY_PHASE_STRIP = NO;
				DEBUG_INFORMATION_FORMAT = dwarf;
				ENABLE_STRICT_OBJC_MSGSEND = YES;
				ENABLE_TESTABILITY = YES;
				GCC_C_LANGUAGE_STANDARD = gnu11;
				GCC_DYNAMIC_NO_PIC = NO;
				GCC_NO_COMMON_BLOCKS = YES;
				GCC_OPTIMIZATION_LEVEL = 0;
				GCC_PREPROCESSOR_DEFINITIONS = (
					"DEBUG=1",
					"$(inherited)",
				);
				GCC_WARN_64_TO_32_BIT_CONVERSION = YES;
				GCC_WARN_ABOUT_RETURN_TYPE = YES_ERROR;
				GCC_WARN_UNDECLARED_SELECTOR = YES;
				GCC_WARN_UNINITIALIZED_AUTOS = YES_AGGRESSIVE;
				GCC_WARN_UNUSED_FUNCTION = YES;
				GCC_WARN_UNUSED_VARIABLE = YES;
				IPHONEOS_DEPLOYMENT_TARGET = 12.4;
				MTL_ENABLE_DEBUG_INFO = INCLUDE_SOURCE;
				MTL_FAST_MATH = YES;
				ONLY_ACTIVE_ARCH = YES;
				SDKROOT = iphoneos;
				SWIFT_ACTIVE_COMPILATION_CONDITIONS = DEBUG;
				SWIFT_OPTIMIZATION_LEVEL = "-Onone";
			};
			name = Debug;
		};
		B530D8A423334C7B00A1AA4F /* Release */ = {
			isa = XCBuildConfiguration;
			buildSettings = {
				ALWAYS_SEARCH_USER_PATHS = NO;
				CLANG_ANALYZER_NONNULL = YES;
				CLANG_ANALYZER_NUMBER_OBJECT_CONVERSION = YES_AGGRESSIVE;
				CLANG_CXX_LANGUAGE_STANDARD = "gnu++14";
				CLANG_CXX_LIBRARY = "libc++";
				CLANG_ENABLE_MODULES = YES;
				CLANG_ENABLE_OBJC_ARC = YES;
				CLANG_ENABLE_OBJC_WEAK = YES;
				CLANG_WARN_BLOCK_CAPTURE_AUTORELEASING = YES;
				CLANG_WARN_BOOL_CONVERSION = YES;
				CLANG_WARN_COMMA = YES;
				CLANG_WARN_CONSTANT_CONVERSION = YES;
				CLANG_WARN_DEPRECATED_OBJC_IMPLEMENTATIONS = YES;
				CLANG_WARN_DIRECT_OBJC_ISA_USAGE = YES_ERROR;
				CLANG_WARN_DOCUMENTATION_COMMENTS = YES;
				CLANG_WARN_EMPTY_BODY = YES;
				CLANG_WARN_ENUM_CONVERSION = YES;
				CLANG_WARN_INFINITE_RECURSION = YES;
				CLANG_WARN_INT_CONVERSION = YES;
				CLANG_WARN_NON_LITERAL_NULL_CONVERSION = YES;
				CLANG_WARN_OBJC_IMPLICIT_RETAIN_SELF = YES;
				CLANG_WARN_OBJC_LITERAL_CONVERSION = YES;
				CLANG_WARN_OBJC_ROOT_CLASS = YES_ERROR;
				CLANG_WARN_RANGE_LOOP_ANALYSIS = YES;
				CLANG_WARN_STRICT_PROTOTYPES = YES;
				CLANG_WARN_SUSPICIOUS_MOVE = YES;
				CLANG_WARN_UNGUARDED_AVAILABILITY = YES_AGGRESSIVE;
				CLANG_WARN_UNREACHABLE_CODE = YES;
				CLANG_WARN__DUPLICATE_METHOD_MATCH = YES;
				CODE_SIGN_IDENTITY = "iPhone Developer";
				COPY_PHASE_STRIP = NO;
				DEBUG_INFORMATION_FORMAT = "dwarf-with-dsym";
				ENABLE_NS_ASSERTIONS = NO;
				ENABLE_STRICT_OBJC_MSGSEND = YES;
				GCC_C_LANGUAGE_STANDARD = gnu11;
				GCC_NO_COMMON_BLOCKS = YES;
				GCC_WARN_64_TO_32_BIT_CONVERSION = YES;
				GCC_WARN_ABOUT_RETURN_TYPE = YES_ERROR;
				GCC_WARN_UNDECLARED_SELECTOR = YES;
				GCC_WARN_UNINITIALIZED_AUTOS = YES_AGGRESSIVE;
				GCC_WARN_UNUSED_FUNCTION = YES;
				GCC_WARN_UNUSED_VARIABLE = YES;
				IPHONEOS_DEPLOYMENT_TARGET = 12.4;
				MTL_ENABLE_DEBUG_INFO = NO;
				MTL_FAST_MATH = YES;
				SDKROOT = iphoneos;
				SWIFT_COMPILATION_MODE = wholemodule;
				SWIFT_OPTIMIZATION_LEVEL = "-O";
				VALIDATE_PRODUCT = YES;
			};
			name = Release;
		};
		B530D8A623334C7B00A1AA4F /* Debug */ = {
			isa = XCBuildConfiguration;
			buildSettings = {
				ASSETCATALOG_COMPILER_APPICON_NAME = AppIcon;
				CODE_SIGN_STYLE = Automatic;
				DEVELOPMENT_TEAM = 7L8D6FC4F7;
				FRAMEWORK_SEARCH_PATHS = (
					"$(inherited)",
					"$(PROJECT_DIR)/Carthage/Build/iOS",
				);
				INFOPLIST_FILE = "$(SRCROOT)/Friends/ApplicationLayer/Info.plist";
				IPHONEOS_DEPLOYMENT_TARGET = 11.0;
				LD_RUNPATH_SEARCH_PATHS = (
					"$(inherited)",
					"@executable_path/Frameworks",
				);
				PRODUCT_BUNDLE_IDENTIFIER = "Grebenozhko-Maksim.Friends";
				PRODUCT_NAME = "$(TARGET_NAME)";
				SWIFT_VERSION = 5.0;
				TARGETED_DEVICE_FAMILY = "1,2";
			};
			name = Debug;
		};
		B530D8A723334C7B00A1AA4F /* Release */ = {
			isa = XCBuildConfiguration;
			buildSettings = {
				ASSETCATALOG_COMPILER_APPICON_NAME = AppIcon;
				CODE_SIGN_STYLE = Automatic;
				DEVELOPMENT_TEAM = 7L8D6FC4F7;
				FRAMEWORK_SEARCH_PATHS = (
					"$(inherited)",
					"$(PROJECT_DIR)/Carthage/Build/iOS",
				);
				INFOPLIST_FILE = "$(SRCROOT)/Friends/ApplicationLayer/Info.plist";
				IPHONEOS_DEPLOYMENT_TARGET = 11.0;
				LD_RUNPATH_SEARCH_PATHS = (
					"$(inherited)",
					"@executable_path/Frameworks",
				);
				PRODUCT_BUNDLE_IDENTIFIER = "Grebenozhko-Maksim.Friends";
				PRODUCT_NAME = "$(TARGET_NAME)";
				SWIFT_VERSION = 5.0;
				TARGETED_DEVICE_FAMILY = "1,2";
			};
			name = Release;
		};
		B530D8A923334C7B00A1AA4F /* Debug */ = {
			isa = XCBuildConfiguration;
			buildSettings = {
				ALWAYS_EMBED_SWIFT_STANDARD_LIBRARIES = YES;
				BUNDLE_LOADER = "$(TEST_HOST)";
				CODE_SIGN_STYLE = Automatic;
				INFOPLIST_FILE = FriendsTests/Info.plist;
				LD_RUNPATH_SEARCH_PATHS = (
					"$(inherited)",
					"@executable_path/Frameworks",
					"@loader_path/Frameworks",
				);
				PRODUCT_BUNDLE_IDENTIFIER = "Grebenozhko-Maksim.FriendsTests";
				PRODUCT_NAME = "$(TARGET_NAME)";
				SWIFT_VERSION = 5.0;
				TARGETED_DEVICE_FAMILY = "1,2";
				TEST_HOST = "$(BUILT_PRODUCTS_DIR)/Friends.app/Friends";
			};
			name = Debug;
		};
		B530D8AA23334C7B00A1AA4F /* Release */ = {
			isa = XCBuildConfiguration;
			buildSettings = {
				ALWAYS_EMBED_SWIFT_STANDARD_LIBRARIES = YES;
				BUNDLE_LOADER = "$(TEST_HOST)";
				CODE_SIGN_STYLE = Automatic;
				INFOPLIST_FILE = FriendsTests/Info.plist;
				LD_RUNPATH_SEARCH_PATHS = (
					"$(inherited)",
					"@executable_path/Frameworks",
					"@loader_path/Frameworks",
				);
				PRODUCT_BUNDLE_IDENTIFIER = "Grebenozhko-Maksim.FriendsTests";
				PRODUCT_NAME = "$(TARGET_NAME)";
				SWIFT_VERSION = 5.0;
				TARGETED_DEVICE_FAMILY = "1,2";
				TEST_HOST = "$(BUILT_PRODUCTS_DIR)/Friends.app/Friends";
			};
			name = Release;
		};
/* End XCBuildConfiguration section */

/* Begin XCConfigurationList section */
		B530D88323334C7A00A1AA4F /* Build configuration list for PBXProject "Friends" */ = {
			isa = XCConfigurationList;
			buildConfigurations = (
				B530D8A323334C7B00A1AA4F /* Debug */,
				B530D8A423334C7B00A1AA4F /* Release */,
			);
			defaultConfigurationIsVisible = 0;
			defaultConfigurationName = Release;
		};
		B530D8A523334C7B00A1AA4F /* Build configuration list for PBXNativeTarget "Friends" */ = {
			isa = XCConfigurationList;
			buildConfigurations = (
				B530D8A623334C7B00A1AA4F /* Debug */,
				B530D8A723334C7B00A1AA4F /* Release */,
			);
			defaultConfigurationIsVisible = 0;
			defaultConfigurationName = Release;
		};
		B530D8A823334C7B00A1AA4F /* Build configuration list for PBXNativeTarget "FriendsTests" */ = {
			isa = XCConfigurationList;
			buildConfigurations = (
				B530D8A923334C7B00A1AA4F /* Debug */,
				B530D8AA23334C7B00A1AA4F /* Release */,
			);
			defaultConfigurationIsVisible = 0;
			defaultConfigurationName = Release;
		};
/* End XCConfigurationList section */
	};
	rootObject = B530D88023334C7A00A1AA4F /* Project object */;
}
